
Microsoft Visual Studio Solution File, Format Version 12.00
# Visual Studio Version 16
VisualStudioVersion = 16.0.31424.327
MinimumVisualStudioVersion = 10.0.40219.1
Project("{FAE04EC0-301F-11D3-BF4B-00C04F79EFBC}") = "Evaluate", "Evaluate\Evaluate.csproj", "{19A6A736-1D81-4278-A2EF-5E81F54B1783}"
EndProject
Global
	GlobalSection(SolutionConfigurationPlatforms) = preSolution
		Debug|Any CPU = Debug|Any CPU
		Release|Any CPU = Release|Any CPU
	EndGlobalSection
	GlobalSection(ProjectConfigurationPlatforms) = postSolution
		{19A6A736-1D81-4278-A2EF-5E81F54B1783}.Debug|Any CPU.ActiveCfg = Debug|Any CPU
		{19A6A736-1D81-4278-A2EF-5E81F54B1783}.Debug|Any CPU.Build.0 = Debug|Any CPU
		{19A6A736-1D81-4278-A2EF-5E81F54B1783}.Release|Any CPU.ActiveCfg = Release|Any CPU
		{19A6A736-1D81-4278-A2EF-5E81F54B1783}.Release|Any CPU.Build.0 = Release|Any CPU
	EndGlobalSection
	GlobalSection(SolutionProperties) = preSolution
		HideSolutionNode = FALSE
	EndGlobalSection
	GlobalSection(ExtensibilityGlobals) = postSolution
		SolutionGuid = {C62CFFBB-CBE9-4CE2-8F37-832B970DE5A0}
	EndGlobalSection
EndGlobal
